{
  "name": "node-red-contrib-string",
  "version": "1.0.0",
  "lockfileVersion": 1,
  "requires": true,
  "dependencies": {
    "string": {
      "version": "https://github.com/Steveorevo/string.js/archive/3.3.8.tar.gz",
      "integrity": "sha512-oAdBOiC2/RA8eKPkffUaRtwRFjP2emR76MQVFlz7R8SZuVgZdcWBzjqH5Q0o0/BYH/nLxCfajSGLad9Tz7M5JA=="
    }
  }
}
